
Microsoft Visual Studio Solution File, Format Version 12.00
# Visual Studio Version 16
VisualStudioVersion = 16.0.30413.136
MinimumVisualStudioVersion = 10.0.40219.1
Project("{9A19103F-16F7-4668-BE54-9A1E7A4F7556}") = "SecuritySystem.Domain", "SecuritySystem.Domain\SecuritySystem.Domain.csproj", "{D476C410-B0A3-409F-ACB9-66171A4AE681}"
EndProject
Project("{FAE04EC0-301F-11D3-BF4B-00C04F79EFBC}") = "SecuritySystem.Application", "SecuritySystem.Application\SecuritySystem.Application.csproj", "{7DD7402C-94D5-41B9-B210-8F514D572C62}"
EndProject
Global
	GlobalSection(SolutionConfigurationPlatforms) = preSolution
		Debug|Any CPU = Debug|Any CPU
		Release|Any CPU = Release|Any CPU
	EndGlobalSection
	GlobalSection(ProjectConfigurationPlatforms) = postSolution
		{D476C410-B0A3-409F-ACB9-66171A4AE681}.Debug|Any CPU.ActiveCfg = Debug|Any CPU
		{D476C410-B0A3-409F-ACB9-66171A4AE681}.Debug|Any CPU.Build.0 = Debug|Any CPU
		{D476C410-B0A3-409F-ACB9-66171A4AE681}.Release|Any CPU.ActiveCfg = Release|Any CPU
		{D476C410-B0A3-409F-ACB9-66171A4AE681}.Release|Any CPU.Build.0 = Release|Any CPU
		{7DD7402C-94D5-41B9-B210-8F514D572C62}.Debug|Any CPU.ActiveCfg = Debug|Any CPU
		{7DD7402C-94D5-41B9-B210-8F514D572C62}.Debug|Any CPU.Build.0 = Debug|Any CPU
		{7DD7402C-94D5-41B9-B210-8F514D572C62}.Release|Any CPU.ActiveCfg = Release|Any CPU
		{7DD7402C-94D5-41B9-B210-8F514D572C62}.Release|Any CPU.Build.0 = Release|Any CPU
	EndGlobalSection
	GlobalSection(SolutionProperties) = preSolution
		HideSolutionNode = FALSE
	EndGlobalSection
	GlobalSection(ExtensibilityGlobals) = postSolution
		SolutionGuid = {558182B1-745D-42D7-8EB4-BE86C2A6BE0D}
	EndGlobalSection
EndGlobal
